{
  "name": "@ioa/http",
  "version": "20.0.5",
  "lockfileVersion": 2,
  "requires": true,
  "packages": {
    "": {
      "name": "@ioa/http",
      "version": "20.0.5",
      "license": "ISC",
      "dependencies": {
        "@ioa/api": "^20.0.4",
        "ioa": "^20.0.3"
      }
    },
    "../../ioa": {
      "version": "20.0.2",
      "extraneous": true,
      "license": "ISC",
      "dependencies": {
        "consoln": "^3.0.5"
      },
      "devDependencies": {
        "@ioa/config": "^13.0.0",
        "@ioa/http": "^20.0.1",
        "@koa/cors": "^3.3.0",
        "@types/node": "^17.0.23",
        "axios": "^0.26.1",
        "typea": "^8.0.3"
      },
      "engines": {
        "node": ">= 16.0.0"
      }
    },
    "../@ioa-api": {
      "name": "@ioa/api",
      "version": "20.0.4",
      "extraneous": true,
      "license": "ISC",
      "devDependencies": {
        "axios": "^0.27.0",
        "ioa": "^20.0.1"
      }
    },
    "node_modules/@ioa/api": {
      "version": "20.0.4",
      "resolved": "https://registry.npmjs.org/@ioa/api/-/api-20.0.4.tgz",
      "integrity": "sha512-THta/PMgqh4pWoJ8Bof9kqKI7nBpYL+QU8wRWFgoTKNhbT/tjm+RHGXF5SeGmpF7246sBV63/H+TECCjB6I2eg=="
    },
    "node_modules/consoln": {
      "version": "3.0.6",
      "resolved": "https://registry.npmjs.org/consoln/-/consoln-3.0.6.tgz",
      "integrity": "sha512-dlrHd7xEBfm3HdC7V0qImZCx8W6Xs+m2Q0cP2oSNRHR2creBvRoYHADDfwhSecK6lGTkspDR28a2Bt/ZAq2V0g=="
    },
    "node_modules/ioa": {
      "version": "20.0.3",
      "resolved": "https://registry.npmjs.org/ioa/-/ioa-20.0.3.tgz",
      "integrity": "sha512-t1byGC3oGSd1izp9q1MQP0xQpEZ8hYEO+RzBFUr5EXpi3SqFGrKxfXwYjzaumgH/Dglhk5kN/t+X6HwmygCoMA==",
      "dependencies": {
        "consoln": "^3.0.5"
      },
      "engines": {
        "node": ">= 16.0.0"
      }
    }
  },
  "dependencies": {
    "@ioa/api": {
      "version": "20.0.4",
      "resolved": "https://registry.npmjs.org/@ioa/api/-/api-20.0.4.tgz",
      "integrity": "sha512-THta/PMgqh4pWoJ8Bof9kqKI7nBpYL+QU8wRWFgoTKNhbT/tjm+RHGXF5SeGmpF7246sBV63/H+TECCjB6I2eg=="
    },
    "consoln": {
      "version": "3.0.6",
      "resolved": "https://registry.npmjs.org/consoln/-/consoln-3.0.6.tgz",
      "integrity": "sha512-dlrHd7xEBfm3HdC7V0qImZCx8W6Xs+m2Q0cP2oSNRHR2creBvRoYHADDfwhSecK6lGTkspDR28a2Bt/ZAq2V0g=="
    },
    "ioa": {
      "version": "20.0.3",
      "resolved": "https://registry.npmjs.org/ioa/-/ioa-20.0.3.tgz",
      "integrity": "sha512-t1byGC3oGSd1izp9q1MQP0xQpEZ8hYEO+RzBFUr5EXpi3SqFGrKxfXwYjzaumgH/Dglhk5kN/t+X6HwmygCoMA==",
      "requires": {
        "consoln": "^3.0.5"
      }
    }
  }
}
